
Microsoft Visual Studio Solution File, Format Version 11.00
# Visual Studio 2010
Project("{54435603-DBB4-11D2-8724-00A0C9A8B90C}") = "DooJetApplication", "DooJetApplication\DooJetApplication.vdproj", "{233B4588-00BC-439D-A565-A4AF98E1CA28}"
EndProject
Global
	GlobalSection(SolutionConfigurationPlatforms) = preSolution
		Debug|Default = Debug|Default
		Release|Default = Release|Default
	EndGlobalSection
	GlobalSection(ProjectConfigurationPlatforms) = postSolution
		{233B4588-00BC-439D-A565-A4AF98E1CA28}.Debug|Default.ActiveCfg = Debug
		{233B4588-00BC-439D-A565-A4AF98E1CA28}.Debug|Default.Build.0 = Debug
		{233B4588-00BC-439D-A565-A4AF98E1CA28}.Release|Default.ActiveCfg = Release
		{233B4588-00BC-439D-A565-A4AF98E1CA28}.Release|Default.Build.0 = Release
	EndGlobalSection
	GlobalSection(SolutionProperties) = preSolution
		HideSolutionNode = FALSE
	EndGlobalSection
EndGlobal
